
Microsoft Visual Studio Solution File, Format Version 12.00
# Visual Studio Version 17
VisualStudioVersion = 17.6.33712.159
MinimumVisualStudioVersion = 10.0.40219.1
Project("{9A19103F-16F7-4668-BE54-9A1E7A4F7556}") = "ApiMangas", "ApiMangas\ApiMangas.csproj", "{67AFD5C2-D235-4EC9-B6FD-6D5A54546EED}"
EndProject
Global
	GlobalSection(SolutionConfigurationPlatforms) = preSolution
		Debug|Any CPU = Debug|Any CPU
		Release|Any CPU = Release|Any CPU
	EndGlobalSection
	GlobalSection(ProjectConfigurationPlatforms) = postSolution
		{67AFD5C2-D235-4EC9-B6FD-6D5A54546EED}.Debug|Any CPU.ActiveCfg = Debug|Any CPU
		{67AFD5C2-D235-4EC9-B6FD-6D5A54546EED}.Debug|Any CPU.Build.0 = Debug|Any CPU
		{67AFD5C2-D235-4EC9-B6FD-6D5A54546EED}.Release|Any CPU.ActiveCfg = Release|Any CPU
		{67AFD5C2-D235-4EC9-B6FD-6D5A54546EED}.Release|Any CPU.Build.0 = Release|Any CPU
	EndGlobalSection
	GlobalSection(SolutionProperties) = preSolution
		HideSolutionNode = FALSE
	EndGlobalSection
	GlobalSection(ExtensibilityGlobals) = postSolution
		SolutionGuid = {BDB24A31-9F3F-4E55-844F-A3F9E6AE3190}
	EndGlobalSection
EndGlobal
